{
    "_readme": [
        "This file locks the dependencies of your project to a known state",
        "Read more about it at https://getcomposer.org/doc/01-basic-usage.md#installing-dependencies",
        "This file is @generated automatically"
    ],
    "content-hash": "eb52761ef2b4c2bde1453d338c626255",
    "packages": [
        {
            "name": "phpgt/cssxpath",
            "version": "v1.0.0",
            "source": {
                "type": "git",
                "url": "https://github.com/PhpGt/CssXPath.git",
                "reference": "60554671449ab5068e0171116e68d05aec7c0647"
            },
            "dist": {
                "type": "zip",
                "url": "https://api.github.com/repos/PhpGt/CssXPath/zipball/60554671449ab5068e0171116e68d05aec7c0647",
                "reference": "60554671449ab5068e0171116e68d05aec7c0647",
                "shasum": ""
            },
            "require": {
                "php": ">=7.2"
            },
            "require-dev": {
                "phpgt/dom": "*",
                "phpunit/phpunit": "^8.0"
            },
            "type": "library",
            "autoload": {
                "psr-4": {
                    "Gt\\CssXPath\\": "./src"
                }
            },
            "notification-url": "https://packagist.org/downloads/",
            "license": [
                "MIT"
            ],
            "description": "Convert CSS selectors to XPath queries.",
            "time": "2019-06-14T15:09:28+00:00"
        },
        {
            "name": "phpgt/dom",
            "version": "v2.0.1",
            "source": {
                "type": "git",
                "url": "https://github.com/PhpGt/Dom.git",
                "reference": "4eb31b11e9e3b279068dca3f2efad1e46209ff55"
            },
            "dist": {
                "type": "zip",
                "url": "https://api.github.com/repos/PhpGt/Dom/zipball/4eb31b11e9e3b279068dca3f2efad1e46209ff55",
                "reference": "4eb31b11e9e3b279068dca3f2efad1e46209ff55",
                "shasum": ""
            },
            "require": {
                "ext-dom": "*",
                "ext-libxml": "*",
                "ext-mbstring": "*",
                "php": ">=7.2",
                "phpgt/cssxpath": "*"
            },
            "require-dev": {
                "phpunit/phpunit": "8.*"
            },
            "type": "library",
            "autoload": {
                "psr-4": {
                    "Gt\\Dom\\": "./src"
                }
            },
            "notification-url": "https://packagist.org/downloads/",
            "license": [
                "MIT"
            ],
            "authors": [
                {
                    "name": "Greg Bowler",
                    "email": "greg.bowler@g105b.com",
                    "homepage": "https://www.g105b.com",
                    "role": "Developer"
                },
                {
                    "name": "Alvaro Guimaraes",
                    "homepage": "https://github.com/aguimaraes",
                    "role": "Developer"
                },
                {
                    "name": "James Fellows",
                    "homepage": "https://github.com/j4m3s",
                    "role": "Developer"
                },
                {
                    "name": "Emile Ward",
                    "homepage": "https://github.com/emileward",
                    "role": "Developer"
                },
                {
                    "name": "Jelmer Wijnja",
                    "homepage": "https://github.com/Jelmergu",
                    "role": "Developer"
                },
                {
                    "name": "Ognjen Petrovic",
                    "homepage": "https://github.com/ognjen-petrovic",
                    "role": "Developer"
                },
                {
                    "name": "Jacob Bearden",
                    "homepage": "https://github.com/jacobbearden",
                    "role": "Documentation contributor"
                },
                {
                    "name": "Jaroslav Týc",
                    "homepage": "https://www.jaroslavtyc.com/",
                    "role": "Developer"
                }
            ],
            "description": "The modern DOM API for PHP 7 projects.",
            "time": "2019-06-17T08:24:24+00:00"
        },
        {
            "name": "phpgt/domtemplate",
            "version": "v1.0.0",
            "source": {
                "type": "git",
                "url": "https://github.com/PhpGt/DomTemplate.git",
                "reference": "1734c1b417b2629387b22438c225685a267ae452"
            },
            "dist": {
                "type": "zip",
                "url": "https://api.github.com/repos/PhpGt/DomTemplate/zipball/1734c1b417b2629387b22438c225685a267ae452",
                "reference": "1734c1b417b2629387b22438c225685a267ae452",
                "shasum": ""
            },
            "require": {
                "ext-dom": "*",
                "phpgt/dom": "*"
            },
            "require-dev": {
                "phpunit/phpunit": "8.*"
            },
            "type": "library",
            "autoload": {
                "psr-4": {
                    "Gt\\DomTemplate\\": "./src"
                }
            },
            "notification-url": "https://packagist.org/downloads/",
            "license": [
                "MIT"
            ],
            "description": "Bind dynamic data to reusable HTML components.",
            "time": "2019-06-17T19:47:07+00:00"
        }
    ],
    "packages-dev": [],
    "aliases": [],
    "minimum-stability": "stable",
    "stability-flags": [],
    "prefer-stable": false,
    "prefer-lowest": false,
    "platform": [],
    "platform-dev": []
}
